<?xml version="1.0" encoding="UTF-8" standalone="yes" ?>
<CodeBlocks_project_file>
	<FileVersion major="1" minor="6" />
	<Project>
		<Option title="engine.prop.crate" />
		<Option pch_mode="2" />
		<Option compiler="gcc" />
		<Build>
			<Target title="Debug">
				<Option output="../engine_test/assets/extensions/engine.prop.crate.dll" prefix_auto="0" extension_auto="0" />
				<Option object_output="obj/Debug/" />
				<Option type="3" />
				<Option compiler="gcc" />
				<Option createDefFile="1" />
				<Option createStaticLib="1" />
				<Compiler>
					<Add option="-Wall" />
					<Add option="-DBUILD_DLL" />
					<Add option="-g" />
					<Add directory="include" />
				</Compiler>
				<Linker>
					<Add library="user32" />
				</Linker>
			</Target>
			<Target title="Release">
				<Option output="../engine_test/assets/extensions/engine.prop.crate.dll" prefix_auto="0" extension_auto="0" />
				<Option object_output="obj/Release/" />
				<Option type="3" />
				<Option compiler="gcc" />
				<Option createDefFile="1" />
				<Option createStaticLib="1" />
				<Compiler>
					<Add option="-Wall" />
					<Add option="-DBUILD_DLL" />
					<Add option="-O2" />
					<Add directory="include" />
				</Compiler>
				<Linker>
					<Add option="-s" />
					<Add library="user32" />
				</Linker>
			</Target>
		</Build>
		<Compiler>
			<Add option="-std=c++11" />
		</Compiler>
		<Linker>
			<Add library="opengl32" />
			<Add library="ode" />
		</Linker>
		<Unit filename="C:/Program Files (x86)/CodeBlocks/MinGW/include/engine/assetlibrary/assetlibrary.cpp" />
		<Unit filename="C:/Program Files (x86)/CodeBlocks/MinGW/include/engine/assetlibrary/assetlibrary.h" />
		<Unit filename="C:/Program Files (x86)/CodeBlocks/MinGW/include/engine/assetlibrary/dll.h" />
		<Unit filename="C:/Program Files (x86)/CodeBlocks/MinGW/include/engine/core/double3.cpp" />
		<Unit filename="C:/Program Files (x86)/CodeBlocks/MinGW/include/engine/core/double3.h" />
		<Unit filename="C:/Program Files (x86)/CodeBlocks/MinGW/include/engine/core/node.cpp" />
		<Unit filename="C:/Program Files (x86)/CodeBlocks/MinGW/include/engine/core/node.h" />
		<Unit filename="C:/Program Files (x86)/CodeBlocks/MinGW/include/engine/core/nodemessage.cpp" />
		<Unit filename="C:/Program Files (x86)/CodeBlocks/MinGW/include/engine/core/nodemessage.h" />
		<Unit filename="C:/Program Files (x86)/CodeBlocks/MinGW/include/engine/core/stringutil.cpp" />
		<Unit filename="C:/Program Files (x86)/CodeBlocks/MinGW/include/engine/core/stringutil.h" />
		<Unit filename="C:/Program Files (x86)/CodeBlocks/MinGW/include/engine/core/varmap.cpp" />
		<Unit filename="C:/Program Files (x86)/CodeBlocks/MinGW/include/engine/core/varmap.h" />
		<Unit filename="C:/Program Files (x86)/CodeBlocks/MinGW/include/engine/physics/collision.cpp" />
		<Unit filename="C:/Program Files (x86)/CodeBlocks/MinGW/include/engine/physics/collision.h" />
		<Unit filename="C:/Program Files (x86)/CodeBlocks/MinGW/include/engine/physics/impact.cpp" />
		<Unit filename="C:/Program Files (x86)/CodeBlocks/MinGW/include/engine/physics/impact.h" />
		<Unit filename="C:/Program Files (x86)/CodeBlocks/MinGW/include/engine/physics/physical.cpp" />
		<Unit filename="C:/Program Files (x86)/CodeBlocks/MinGW/include/engine/physics/physical.h" />
		<Unit filename="C:/Program Files (x86)/CodeBlocks/MinGW/include/engine/physics/physical_single_body.cpp" />
		<Unit filename="C:/Program Files (x86)/CodeBlocks/MinGW/include/engine/physics/physical_single_body.h" />
		<Unit filename="C:/Program Files (x86)/CodeBlocks/MinGW/include/engine/physics/physics_world.cpp" />
		<Unit filename="C:/Program Files (x86)/CodeBlocks/MinGW/include/engine/physics/physics_world.h" />
		<Unit filename="C:/Program Files (x86)/CodeBlocks/MinGW/include/engine/physics/physicsgroup.h" />
		<Unit filename="crate.cpp" />
		<Unit filename="crate.h" />
		<Unit filename="main.cpp" />
		<Unit filename="main.h" />
		<Extensions>
			<code_completion />
			<envvars />
			<debugger />
		</Extensions>
	</Project>
</CodeBlocks_project_file>
